// !$*UTF8*$!
{
	archiveVersion = 1;
	classes = {
	};
	objectVersion = 46;
	objects = {

/* Begin PBXBuildFile section */
		3E655A341EB4FCA10073EDF0 /* AppDelegate.swift in Sources */ = {isa = PBXBuildFile; fileRef = 3E655A331EB4FCA10073EDF0 /* AppDelegate.swift */; };
		3E655A361EB4FCA10073EDF0 /* ViewController.swift in Sources */ = {isa = PBXBuildFile; fileRef = 3E655A351EB4FCA10073EDF0 /* ViewController.swift */; };
		3E655A391EB4FCA10073EDF0 /* Main.storyboard in Resources */ = {isa = PBXBuildFile; fileRef = 3E655A371EB4FCA10073EDF0 /* Main.storyboard */; };
		3E655A3B1EB4FCA10073EDF0 /* Assets.xcassets in Resources */ = {isa = PBXBuildFile; fileRef = 3E655A3A1EB4FCA10073EDF0 /* Assets.xcassets */; };
		3E655A3E1EB4FCA10073EDF0 /* LaunchScreen.storyboard in Resources */ = {isa = PBXBuildFile; fileRef = 3E655A3C1EB4FCA10073EDF0 /* LaunchScreen.storyboard */; };
		3E655A491EB4FCA10073EDF0 /* CollectionViewAppTests.swift in Sources */ = {isa = PBXBuildFile; fileRef = 3E655A481EB4FCA10073EDF0 /* CollectionViewAppTests.swift */; };
		3E655A541EB4FCA10073EDF0 /* CollectionViewAppUITests.swift in Sources */ = {isa = PBXBuildFile; fileRef = 3E655A531EB4FCA10073EDF0 /* CollectionViewAppUITests.swift */; };
/* End PBXBuildFile section */

/* Begin PBXContainerItemProxy section */
		3E655A451EB4FCA10073EDF0 /* PBXContainerItemProxy */ = {
			isa = PBXContainerItemProxy;
			containerPortal = 3E655A281EB4FCA10073EDF0 /* Project object */;
			proxyType = 1;
			remoteGlobalIDString = 3E655A2F1EB4FCA10073EDF0;
			remoteInfo = CollectionViewApp;
		};
		3E655A501EB4FCA10073EDF0 /* PBXContainerItemProxy */ = {
			isa = PBXContainerItemProxy;
			containerPortal = 3E655A281EB4FCA10073EDF0 /* Project object */;
			proxyType = 1;
			remoteGlobalIDString = 3E655A2F1EB4FCA10073EDF0;
			remoteInfo = CollectionViewApp;
		};
/* End PBXContainerItemProxy section */

/* Begin PBXFileReference section */
		3E655A301EB4FCA10073EDF0 /* CollectionViewApp.app */ = {isa = PBXFileReference; explicitFileType = wrapper.application; includeInIndex = 0; path = CollectionViewApp.app; sourceTree = BUILT_PRODUCTS_DIR; };
		3E655A331EB4FCA10073EDF0 /* AppDelegate.swift */ = {isa = PBXFileReference; lastKnownFileType = sourcecode.swift; path = AppDelegate.swift; sourceTree = "<group>"; };
		3E655A351EB4FCA10073EDF0 /* ViewController.swift */ = {isa = PBXFileReference; lastKnownFileType = sourcecode.swift; path = ViewController.swift; sourceTree = "<group>"; };
		3E655A381EB4FCA10073EDF0 /* Base */ = {isa = PBXFileReference; lastKnownFileType = file.storyboard; name = Base; path = Base.lproj/Main.storyboard; sourceTree = "<group>"; };
		3E655A3A1EB4FCA10073EDF0 /* Assets.xcassets */ = {isa = PBXFileReference; lastKnownFileType = folder.assetcatalog; path = Assets.xcassets; sourceTree = "<group>"; };
		3E655A3D1EB4FCA10073EDF0 /* Base */ = {isa = PBXFileReference; lastKnownFileType = file.storyboard; name = Base; path = Base.lproj/LaunchScreen.storyboard; sourceTree = "<group>"; };
		3E655A3F1EB4FCA10073EDF0 /* Info.plist */ = {isa = PBXFileReference; lastKnownFileType = text.plist.xml; path = Info.plist; sourceTree = "<group>"; };
		3E655A441EB4FCA10073EDF0 /* CollectionViewAppTests.xctest */ = {isa = PBXFileReference; explicitFileType = wrapper.cfbundle; includeInIndex = 0; path = CollectionViewAppTests.xctest; sourceTree = BUILT_PRODUCTS_DIR; };
		3E655A481EB4FCA10073EDF0 /* CollectionViewAppTests.swift */ = {isa = PBXFileReference; lastKnownFileType = sourcecode.swift; path = CollectionViewAppTests.swift; sourceTree = "<group>"; };
		3E655A4A1EB4FCA10073EDF0 /* Info.plist */ = {isa = PBXFileReference; lastKnownFileType = text.plist.xml; path = Info.plist; sourceTree = "<group>"; };
		3E655A4F1EB4FCA10073EDF0 /* CollectionViewAppUITests.xctest */ = {isa = PBXFileReference; explicitFileType = wrapper.cfbundle; includeInIndex = 0; path = CollectionViewAppUITests.xctest; sourceTree = BUILT_PRODUCTS_DIR; };
		3E655A531EB4FCA10073EDF0 /* CollectionViewAppUITests.swift */ = {isa = PBXFileReference; lastKnownFileType = sourcecode.swift; path = CollectionViewAppUITests.swift; sourceTree = "<group>"; };
		3E655A551EB4FCA10073EDF0 /* Info.plist */ = {isa = PBXFileReference; lastKnownFileType = text.plist.xml; path = Info.plist; sourceTree = "<group>"; };
/* End PBXFileReference section */

/* Begin PBXFrameworksBuildPhase section */
		3E655A2D1EB4FCA10073EDF0 /* Frameworks */ = {
			isa = PBXFrameworksBuildPhase;
			buildActionMask = 2147483647;
			files = (
			);
			runOnlyForDeploymentPostprocessing = 0;
		};
		3E655A411EB4FCA10073EDF0 /* Frameworks */ = {
			isa = PBXFrameworksBuildPhase;
			buildActionMask = 2147483647;
			files = (
			);
			runOnlyForDeploymentPostprocessing = 0;
		};
		3E655A4C1EB4FCA10073EDF0 /* Frameworks */ = {
			isa = PBXFrameworksBuildPhase;
			buildActionMask = 2147483647;
			files = (
			);
			runOnlyForDeploymentPostprocessing = 0;
		};
/* End PBXFrameworksBuildPhase section */

/* Begin PBXGroup section */
		3E655A271EB4FCA10073EDF0 = {
			isa = PBXGroup;
			children = (
				3E655A321EB4FCA10073EDF0 /* CollectionViewApp */,
				3E655A471EB4FCA10073EDF0 /* CollectionViewAppTests */,
				3E655A521EB4FCA10073EDF0 /* CollectionViewAppUITests */,
				3E655A311EB4FCA10073EDF0 /* Products */,
			);
			sourceTree = "<group>";
		};
		3E655A311EB4FCA10073EDF0 /* Products */ = {
			isa = PBXGroup;
			children = (
				3E655A301EB4FCA10073EDF0 /* CollectionViewApp.app */,
				3E655A441EB4FCA10073EDF0 /* CollectionViewAppTests.xctest */,
				3E655A4F1EB4FCA10073EDF0 /* CollectionViewAppUITests.xctest */,
			);
			name = Products;
			sourceTree = "<group>";
		};
		3E655A321EB4FCA10073EDF0 /* CollectionViewApp */ = {
			isa = PBXGroup;
			children = (
				3E655A331EB4FCA10073EDF0 /* AppDelegate.swift */,
				3E655A351EB4FCA10073EDF0 /* ViewController.swift */,
				3E655A371EB4FCA10073EDF0 /* Main.storyboard */,
				3E655A3A1EB4FCA10073EDF0 /* Assets.xcassets */,
				3E655A3C1EB4FCA10073EDF0 /* LaunchScreen.storyboard */,
				3E655A3F1EB4FCA10073EDF0 /* Info.plist */,
			);
			path = CollectionViewApp;
			sourceTree = "<group>";
		};
		3E655A471EB4FCA10073EDF0 /* CollectionViewAppTests */ = {
			isa = PBXGroup;
			children = (
				3E655A481EB4FCA10073EDF0 /* CollectionViewAppTests.swift */,
				3E655A4A1EB4FCA10073EDF0 /* Info.plist */,
			);
			path = CollectionViewAppTests;
			sourceTree = "<group>";
		};
		3E655A521EB4FCA10073EDF0 /* CollectionViewAppUITests */ = {
			isa = PBXGroup;
			children = (
				3E655A531EB4FCA10073EDF0 /* CollectionViewAppUITests.swift */,
				3E655A551EB4FCA10073EDF0 /* Info.plist */,
			);
			path = CollectionViewAppUITests;
			sourceTree = "<group>";
		};
/* End PBXGroup section */

/* Begin PBXNativeTarget section */
		3E655A2F1EB4FCA10073EDF0 /* CollectionViewApp */ = {
			isa = PBXNativeTarget;
			buildConfigurationList = 3E655A581EB4FCA10073EDF0 /* Build configuration list for PBXNativeTarget "CollectionViewApp" */;
			buildPhases = (
				3E655A2C1EB4FCA10073EDF0 /* Sources */,
				3E655A2D1EB4FCA10073EDF0 /* Frameworks */,
				3E655A2E1EB4FCA10073EDF0 /* Resources */,
			);
			buildRules = (
			);
			dependencies = (
			);
			name = CollectionViewApp;
			productName = CollectionViewApp;
			productReference = 3E655A301EB4FCA10073EDF0 /* CollectionViewApp.app */;
			productType = "com.apple.product-type.application";
		};
		3E655A431EB4FCA10073EDF0 /* CollectionViewAppTests */ = {
			isa = PBXNativeTarget;
			buildConfigurationList = 3E655A5B1EB4FCA10073EDF0 /* Build configuration list for PBXNativeTarget "CollectionViewAppTests" */;
			buildPhases = (
				3E655A401EB4FCA10073EDF0 /* Sources */,
				3E655A411EB4FCA10073EDF0 /* Frameworks */,
				3E655A421EB4FCA10073EDF0 /* Resources */,
			);
			buildRules = (
			);
			dependencies = (
				3E655A461EB4FCA10073EDF0 /* PBXTargetDependency */,
			);
			name = CollectionViewAppTests;
			productName = CollectionViewAppTests;
			productReference = 3E655A441EB4FCA10073EDF0 /* CollectionViewAppTests.xctest */;
			productType = "com.apple.product-type.bundle.unit-test";
		};
		3E655A4E1EB4FCA10073EDF0 /* CollectionViewAppUITests */ = {
			isa = PBXNativeTarget;
			buildConfigurationList = 3E655A5E1EB4FCA10073EDF0 /* Build configuration list for PBXNativeTarget "CollectionViewAppUITests" */;
			buildPhases = (
				3E655A4B1EB4FCA10073EDF0 /* Sources */,
				3E655A4C1EB4FCA10073EDF0 /* Frameworks */,
				3E655A4D1EB4FCA10073EDF0 /* Resources */,
			);
			buildRules = (
			);
			dependencies = (
				3E655A511EB4FCA10073EDF0 /* PBXTargetDependency */,
			);
			name = CollectionViewAppUITests;
			productName = CollectionViewAppUITests;
			productReference = 3E655A4F1EB4FCA10073EDF0 /* CollectionViewAppUITests.xctest */;
			productType = "com.apple.product-type.bundle.ui-testing";
		};
/* End PBXNativeTarget section */

/* Begin PBXProject section */
		3E655A281EB4FCA10073EDF0 /* Project object */ = {
			isa = PBXProject;
			attributes = {
				LastSwiftUpdateCheck = 0830;
				LastUpgradeCheck = 0830;
				ORGANIZATIONNAME = Group9_iOSUTE;
				TargetAttributes = {
					3E655A2F1EB4FCA10073EDF0 = {
						CreatedOnToolsVersion = 8.3;
						ProvisioningStyle = Automatic;
					};
					3E655A431EB4FCA10073EDF0 = {
						CreatedOnToolsVersion = 8.3;
						ProvisioningStyle = Automatic;
						TestTargetID = 3E655A2F1EB4FCA10073EDF0;
					};
					3E655A4E1EB4FCA10073EDF0 = {
						CreatedOnToolsVersion = 8.3;
						ProvisioningStyle = Automatic;
						TestTargetID = 3E655A2F1EB4FCA10073EDF0;
					};
				};
			};
			buildConfigurationList = 3E655A2B1EB4FCA10073EDF0 /* Build configuration list for PBXProject "CollectionViewApp" */;
			compatibilityVersion = "Xcode 3.2";
			developmentRegion = English;
			hasScannedForEncodings = 0;
			knownRegions = (
				en,
				Base,
			);
			mainGroup = 3E655A271EB4FCA10073EDF0;
			productRefGroup = 3E655A311EB4FCA10073EDF0 /* Products */;
			projectDirPath = "";
			projectRoot = "";
			targets = (
				3E655A2F1EB4FCA10073EDF0 /* CollectionViewApp */,
				3E655A431EB4FCA10073EDF0 /* CollectionViewAppTests */,
				3E655A4E1EB4FCA10073EDF0 /* CollectionViewAppUITests */,
			);
		};
/* End PBXProject section */

/* Begin PBXResourcesBuildPhase section */
		3E655A2E1EB4FCA10073EDF0 /* Resources */ = {
			isa = PBXResourcesBuildPhase;
			buildActionMask = 2147483647;
			files = (
				3E655A3E1EB4FCA10073EDF0 /* LaunchScreen.storyboard in Resources */,
				3E655A3B1EB4FCA10073EDF0 /* Assets.xcassets in Resources */,
				3E655A391EB4FCA10073EDF0 /* Main.storyboard in Resources */,
			);
			runOnlyForDeploymentPostprocessing = 0;
		};
		3E655A421EB4FCA10073EDF0 /* Resources */ = {
			isa = PBXResourcesBuildPhase;
			buildActionMask = 2147483647;
			files = (
			);
			runOnlyForDeploymentPostprocessing = 0;
		};
		3E655A4D1EB4FCA10073EDF0 /* Resources */ = {
			isa = PBXResourcesBuildPhase;
			buildActionMask = 2147483647;
			files = (
			);
			runOnlyForDeploymentPostprocessing = 0;
		};
/* End PBXResourcesBuildPhase section */

/* Begin PBXSourcesBuildPhase section */
		3E655A2C1EB4FCA10073EDF0 /* Sources */ = {
			isa = PBXSourcesBuildPhase;
			buildActionMask = 2147483647;
			files = (
				3E655A361EB4FCA10073EDF0 /* ViewController.swift in Sources */,
				3E655A341EB4FCA10073EDF0 /* AppDelegate.swift in Sources */,
			);
			runOnlyForDeploymentPostprocessing = 0;
		};
		3E655A401EB4FCA10073EDF0 /* Sources */ = {
			isa = PBXSourcesBuildPhase;
			buildActionMask = 2147483647;
			files = (
				3E655A491EB4FCA10073EDF0 /* CollectionViewAppTests.swift in Sources */,
			);
			runOnlyForDeploymentPostprocessing = 0;
		};
		3E655A4B1EB4FCA10073EDF0 /* Sources */ = {
			isa = PBXSourcesBuildPhase;
			buildActionMask = 2147483647;
			files = (
				3E655A541EB4FCA10073EDF0 /* CollectionViewAppUITests.swift in Sources */,
			);
			runOnlyForDeploymentPostprocessing = 0;
		};
/* End PBXSourcesBuildPhase section */

/* Begin PBXTargetDependency section */
		3E655A461EB4FCA10073EDF0 /* PBXTargetDependency */ = {
			isa = PBXTargetDependency;
			target = 3E655A2F1EB4FCA10073EDF0 /* CollectionViewApp */;
			targetProxy = 3E655A451EB4FCA10073EDF0 /* PBXContainerItemProxy */;
		};
		3E655A511EB4FCA10073EDF0 /* PBXTargetDependency */ = {
			isa = PBXTargetDependency;
			target = 3E655A2F1EB4FCA10073EDF0 /* CollectionViewApp */;
			targetProxy = 3E655A501EB4FCA10073EDF0 /* PBXContainerItemProxy */;
		};
/* End PBXTargetDependency section */

/* Begin PBXVariantGroup section */
		3E655A371EB4FCA10073EDF0 /* Main.storyboard */ = {
			isa = PBXVariantGroup;
			children = (
				3E655A381EB4FCA10073EDF0 /* Base */,
			);
			name = Main.storyboard;
			sourceTree = "<group>";
		};
		3E655A3C1EB4FCA10073EDF0 /* LaunchScreen.storyboard */ = {
			isa = PBXVariantGroup;
			children = (
				3E655A3D1EB4FCA10073EDF0 /* Base */,
			);
			name = LaunchScreen.storyboard;
			sourceTree = "<group>";
		};
/* End PBXVariantGroup section */

/* Begin XCBuildConfiguration section */
		3E655A561EB4FCA10073EDF0 /* Debug */ = {
			isa = XCBuildConfiguration;
			buildSettings = {
				ALWAYS_SEARCH_USER_PATHS = NO;
				CLANG_ANALYZER_NONNULL = YES;
				CLANG_ANALYZER_NUMBER_OBJECT_CONVERSION = YES_AGGRESSIVE;
				CLANG_CXX_LANGUAGE_STANDARD = "gnu++0x";
				CLANG_CXX_LIBRARY = "libc++";
				CLANG_ENABLE_MODULES = YES;
				CLANG_ENABLE_OBJC_ARC = YES;
				CLANG_WARN_BOOL_CONVERSION = YES;
				CLANG_WARN_CONSTANT_CONVERSION = YES;
				CLANG_WARN_DIRECT_OBJC_ISA_USAGE = YES_ERROR;
				CLANG_WARN_DOCUMENTATION_COMMENTS = YES;
				CLANG_WARN_EMPTY_BODY = YES;
				CLANG_WARN_ENUM_CONVERSION = YES;
				CLANG_WARN_INFINITE_RECURSION = YES;
				CLANG_WARN_INT_CONVERSION = YES;
				CLANG_WARN_OBJC_ROOT_CLASS = YES_ERROR;
				CLANG_WARN_SUSPICIOUS_MOVE = YES;
				CLANG_WARN_UNREACHABLE_CODE = YES;
				CLANG_WARN__DUPLICATE_METHOD_MATCH = YES;
				"CODE_SIGN_IDENTITY[sdk=iphoneos*]" = "iPhone Developer";
				COPY_PHASE_STRIP = NO;
				DEBUG_INFORMATION_FORMAT = dwarf;
				ENABLE_STRICT_OBJC_MSGSEND = YES;
				ENABLE_TESTABILITY = YES;
				GCC_C_LANGUAGE_STANDARD = gnu99;
				GCC_DYNAMIC_NO_PIC = NO;
				GCC_NO_COMMON_BLOCKS = YES;
				GCC_OPTIMIZATION_LEVEL = 0;
				GCC_PREPROCESSOR_DEFINITIONS = (
					"DEBUG=1",
					"$(inherited)",
				);
				GCC_WARN_64_TO_32_BIT_CONVERSION = YES;
				GCC_WARN_ABOUT_RETURN_TYPE = YES_ERROR;
				GCC_WARN_UNDECLARED_SELECTOR = YES;
				GCC_WARN_UNINITIALIZED_AUTOS = YES_AGGRESSIVE;
				GCC_WARN_UNUSED_FUNCTION = YES;
				GCC_WARN_UNUSED_VARIABLE = YES;
				IPHONEOS_DEPLOYMENT_TARGET = 10.3;
				MTL_ENABLE_DEBUG_INFO = YES;
				ONLY_ACTIVE_ARCH = YES;
				SDKROOT = iphoneos;
				SWIFT_ACTIVE_COMPILATION_CONDITIONS = DEBUG;
				SWIFT_OPTIMIZATION_LEVEL = "-Onone";
			};
			name = Debug;
		};
		3E655A571EB4FCA10073EDF0 /* Release */ = {
			isa = XCBuildConfiguration;
			buildSettings = {
				ALWAYS_SEARCH_USER_PATHS = NO;
				CLANG_ANALYZER_NONNULL = YES;
				CLANG_ANALYZER_NUMBER_OBJECT_CONVERSION = YES_AGGRESSIVE;
				CLANG_CXX_LANGUAGE_STANDARD = "gnu++0x";
				CLANG_CXX_LIBRARY = "libc++";
				CLANG_ENABLE_MODULES = YES;
				CLANG_ENABLE_OBJC_ARC = YES;
				CLANG_WARN_BOOL_CONVERSION = YES;
				CLANG_WARN_CONSTANT_CONVERSION = YES;
				CLANG_WARN_DIRECT_OBJC_ISA_USAGE = YES_ERROR;
				CLANG_WARN_DOCUMENTATION_COMMENTS = YES;
				CLANG_WARN_EMPTY_BODY = YES;
				CLANG_WARN_ENUM_CONVERSION = YES;
				CLANG_WARN_INFINITE_RECURSION = YES;
				CLANG_WARN_INT_CONVERSION = YES;
				CLANG_WARN_OBJC_ROOT_CLASS = YES_ERROR;
				CLANG_WARN_SUSPICIOUS_MOVE = YES;
				CLANG_WARN_UNREACHABLE_CODE = YES;
				CLANG_WARN__DUPLICATE_METHOD_MATCH = YES;
				"CODE_SIGN_IDENTITY[sdk=iphoneos*]" = "iPhone Developer";
				COPY_PHASE_STRIP = NO;
				DEBUG_INFORMATION_FORMAT = "dwarf-with-dsym";
				ENABLE_NS_ASSERTIONS = NO;
				ENABLE_STRICT_OBJC_MSGSEND = YES;
				GCC_C_LANGUAGE_STANDARD = gnu99;
				GCC_NO_COMMON_BLOCKS = YES;
				GCC_WARN_64_TO_32_BIT_CONVERSION = YES;
				GCC_WARN_ABOUT_RETURN_TYPE = YES_ERROR;
				GCC_WARN_UNDECLARED_SELECTOR = YES;
				GCC_WARN_UNINITIALIZED_AUTOS = YES_AGGRESSIVE;
				GCC_WARN_UNUSED_FUNCTION = YES;
				GCC_WARN_UNUSED_VARIABLE = YES;
				IPHONEOS_DEPLOYMENT_TARGET = 10.3;
				MTL_ENABLE_DEBUG_INFO = NO;
				SDKROOT = iphoneos;
				SWIFT_OPTIMIZATION_LEVEL = "-Owholemodule";
				VALIDATE_PRODUCT = YES;
			};
			name = Release;
		};
		3E655A591EB4FCA10073EDF0 /* Debug */ = {
			isa = XCBuildConfiguration;
			buildSettings = {
				ASSETCATALOG_COMPILER_APPICON_NAME = AppIcon;
				INFOPLIST_FILE = CollectionViewApp/Info.plist;
				LD_RUNPATH_SEARCH_PATHS = "$(inherited) @executable_path/Frameworks";
				PRODUCT_BUNDLE_IDENTIFIER = "Group9-iOSUTE.CollectionViewApp";
				PRODUCT_NAME = "$(TARGET_NAME)";
				SWIFT_VERSION = 3.0;
			};
			name = Debug;
		};
		3E655A5A1EB4FCA10073EDF0 /* Release */ = {
			isa = XCBuildConfiguration;
			buildSettings = {
				ASSETCATALOG_COMPILER_APPICON_NAME = AppIcon;
				INFOPLIST_FILE = CollectionViewApp/Info.plist;
				LD_RUNPATH_SEARCH_PATHS = "$(inherited) @executable_path/Frameworks";
				PRODUCT_BUNDLE_IDENTIFIER = "Group9-iOSUTE.CollectionViewApp";
				PRODUCT_NAME = "$(TARGET_NAME)";
				SWIFT_VERSION = 3.0;
			};
			name = Release;
		};
		3E655A5C1EB4FCA10073EDF0 /* Debug */ = {
			isa = XCBuildConfiguration;
			buildSettings = {
				ALWAYS_EMBED_SWIFT_STANDARD_LIBRARIES = YES;
				BUNDLE_LOADER = "$(TEST_HOST)";
				INFOPLIST_FILE = CollectionViewAppTests/Info.plist;
				LD_RUNPATH_SEARCH_PATHS = "$(inherited) @executable_path/Frameworks @loader_path/Frameworks";
				PRODUCT_BUNDLE_IDENTIFIER = "Group9-iOSUTE.CollectionViewAppTests";
				PRODUCT_NAME = "$(TARGET_NAME)";
				SWIFT_VERSION = 3.0;
				TEST_HOST = "$(BUILT_PRODUCTS_DIR)/CollectionViewApp.app/CollectionViewApp";
			};
			name = Debug;
		};
		3E655A5D1EB4FCA10073EDF0 /* Release */ = {
			isa = XCBuildConfiguration;
			buildSettings = {
				ALWAYS_EMBED_SWIFT_STANDARD_LIBRARIES = YES;
				BUNDLE_LOADER = "$(TEST_HOST)";
				INFOPLIST_FILE = CollectionViewAppTests/Info.plist;
				LD_RUNPATH_SEARCH_PATHS = "$(inherited) @executable_path/Frameworks @loader_path/Frameworks";
				PRODUCT_BUNDLE_IDENTIFIER = "Group9-iOSUTE.CollectionViewAppTests";
				PRODUCT_NAME = "$(TARGET_NAME)";
				SWIFT_VERSION = 3.0;
				TEST_HOST = "$(BUILT_PRODUCTS_DIR)/CollectionViewApp.app/CollectionViewApp";
			};
			name = Release;
		};
		3E655A5F1EB4FCA10073EDF0 /* Debug */ = {
			isa = XCBuildConfiguration;
			buildSettings = {
				ALWAYS_EMBED_SWIFT_STANDARD_LIBRARIES = YES;
				INFOPLIST_FILE = CollectionViewAppUITests/Info.plist;
				LD_RUNPATH_SEARCH_PATHS = "$(inherited) @executable_path/Frameworks @loader_path/Frameworks";
				PRODUCT_BUNDLE_IDENTIFIER = "Group9-iOSUTE.CollectionViewAppUITests";
				PRODUCT_NAME = "$(TARGET_NAME)";
				SWIFT_VERSION = 3.0;
				TEST_TARGET_NAME = CollectionViewApp;
			};
			name = Debug;
		};
		3E655A601EB4FCA10073EDF0 /* Release */ = {
			isa = XCBuildConfiguration;
			buildSettings = {
				ALWAYS_EMBED_SWIFT_STANDARD_LIBRARIES = YES;
				INFOPLIST_FILE = CollectionViewAppUITests/Info.plist;
				LD_RUNPATH_SEARCH_PATHS = "$(inherited) @executable_path/Frameworks @loader_path/Frameworks";
				PRODUCT_BUNDLE_IDENTIFIER = "Group9-iOSUTE.CollectionViewAppUITests";
				PRODUCT_NAME = "$(TARGET_NAME)";
				SWIFT_VERSION = 3.0;
				TEST_TARGET_NAME = CollectionViewApp;
			};
			name = Release;
		};
/* End XCBuildConfiguration section */

/* Begin XCConfigurationList section */
		3E655A2B1EB4FCA10073EDF0 /* Build configuration list for PBXProject "CollectionViewApp" */ = {
			isa = XCConfigurationList;
			buildConfigurations = (
				3E655A561EB4FCA10073EDF0 /* Debug */,
				3E655A571EB4FCA10073EDF0 /* Release */,
			);
			defaultConfigurationIsVisible = 0;
			defaultConfigurationName = Release;
		};
		3E655A581EB4FCA10073EDF0 /* Build configuration list for PBXNativeTarget "CollectionViewApp" */ = {
			isa = XCConfigurationList;
			buildConfigurations = (
				3E655A591EB4FCA10073EDF0 /* Debug */,
				3E655A5A1EB4FCA10073EDF0 /* Release */,
			);
			defaultConfigurationIsVisible = 0;
		};
		3E655A5B1EB4FCA10073EDF0 /* Build configuration list for PBXNativeTarget "CollectionViewAppTests" */ = {
			isa = XCConfigurationList;
			buildConfigurations = (
				3E655A5C1EB4FCA10073EDF0 /* Debug */,
				3E655A5D1EB4FCA10073EDF0 /* Release */,
			);
			defaultConfigurationIsVisible = 0;
		};
		3E655A5E1EB4FCA10073EDF0 /* Build configuration list for PBXNativeTarget "CollectionViewAppUITests" */ = {
			isa = XCConfigurationList;
			buildConfigurations = (
				3E655A5F1EB4FCA10073EDF0 /* Debug */,
				3E655A601EB4FCA10073EDF0 /* Release */,
			);
			defaultConfigurationIsVisible = 0;
		};
/* End XCConfigurationList section */
	};
	rootObject = 3E655A281EB4FCA10073EDF0 /* Project object */;
}
